{
  "name": "offcanvas",
  "version": "1.0.0",
  "lockfileVersion": 1,
  "requires": true,
  "dependencies": {
    "bootstrap": {
      "version": "3.3.7",
      "resolved": "https://registry.npmjs.org/bootstrap/-/bootstrap-3.3.7.tgz",
      "integrity": "sha1-WjiTlFSfIzMIdaOxUGVldPip63E="
    },
    "jasny-bootstrap": {
      "version": "3.1.3",
      "resolved": "https://registry.npmjs.org/jasny-bootstrap/-/jasny-bootstrap-3.1.3.tgz",
      "integrity": "sha1-sHKmgdUMZJdiyVQ8emCT2bqi+Hs="
    },
    "jquery": {
      "version": "3.2.1",
      "resolved": "https://registry.npmjs.org/jquery/-/jquery-3.2.1.tgz",
      "integrity": "sha1-XE2d5lKvbNCncBVKYxu6ErAVx4c="
    }
  }
}
